
Microsoft Visual Studio Solution File, Format Version 12.00
# Visual Studio Version 16
VisualStudioVersion = 16.0.30907.101
MinimumVisualStudioVersion = 10.0.40219.1
Project("{FAE04EC0-301F-11D3-BF4B-00C04F79EFBC}") = "lab13", "lab13\lab13.csproj", "{89C070BD-4E71-445A-A4D1-2035E18E5678}"
EndProject
Global
	GlobalSection(SolutionConfigurationPlatforms) = preSolution
		Debug|Any CPU = Debug|Any CPU
		Release|Any CPU = Release|Any CPU
	EndGlobalSection
	GlobalSection(ProjectConfigurationPlatforms) = postSolution
		{89C070BD-4E71-445A-A4D1-2035E18E5678}.Debug|Any CPU.ActiveCfg = Debug|Any CPU
		{89C070BD-4E71-445A-A4D1-2035E18E5678}.Debug|Any CPU.Build.0 = Debug|Any CPU
		{89C070BD-4E71-445A-A4D1-2035E18E5678}.Release|Any CPU.ActiveCfg = Release|Any CPU
		{89C070BD-4E71-445A-A4D1-2035E18E5678}.Release|Any CPU.Build.0 = Release|Any CPU
	EndGlobalSection
	GlobalSection(SolutionProperties) = preSolution
		HideSolutionNode = FALSE
	EndGlobalSection
	GlobalSection(ExtensibilityGlobals) = postSolution
		SolutionGuid = {58281800-09B6-4E13-8BE4-9D50FE14DE43}
	EndGlobalSection
EndGlobal
